lockfileVersion: '9.0'

settings:
  autoInstallPeers: true
  excludeLinksFromLockfile: false

importers:

  .:
    devDependencies:
      '@types/node':
        specifier: 24.13.3
        version: 24.13.3
      ajv:
        specifier: 8.20.0
        version: 8.20.0
      ajv-formats:
        specifier: 3.0.1
        version: 3.0.1(ajv@8.20.0)
      quicktype:
        specifier: 24.0.0
        version: 24.0.0
      typescript:
        specifier: 6.0.3
        version: 6.0.3

  packages/protocol-models:
    devDependencies:
      '@types/node':
        specifier: 24.13.3
        version: 24.13.3
      typescript:
        specifier: 6.0.3
        version: 6.0.3

  packages/protocol-schema:
    devDependencies:
      ajv:
        specifier: 8.20.0
        version: 8.20.0
      ajv-formats:
        specifier: 3.0.1
        version: 3.0.1(ajv@8.20.0)

packages:

  '@cspotcode/source-map-support@0.8.1':
    resolution: {integrity: sha512-IchNf6dN4tHoMFIn/7OE8LWZ19Y6q/67Bmf6vnGREv8RSbBVb9LPJxEcnwrcwX6ixSvaiGoomAUvu4YSxXrVgw==, tarball: https://registry.npmmirror.com/@cspotcode/source-map-support/-/source-map-support-0.8.1.tgz}
    engines: {node: '>=12'}

  '@glideapps/ts-necessities@2.2.3':
    resolution: {integrity: sha512-gXi0awOZLHk3TbW55GZLCPP6O+y/b5X1pBXKBVckFONSwF1z1E5ND2BGJsghQFah+pW7pkkyFb2VhUQI2qhL5w==, tarball: https://registry.npmmirror.com/@glideapps/ts-necessities/-/ts-necessities-2.2.3.tgz}

  '@glideapps/ts-necessities@2.4.0':
    resolution: {integrity: sha512-mDC+qosuNa4lxR3ioMBb6CD0XLRsQBplU+zRPUYiMLXKeVPZ6UYphdNG/EGReig0YyfnVlBKZEXl1wzTotYmPA==, tarball: https://registry.npmmirror.com/@glideapps/ts-necessities/-/ts-necessities-2.4.0.tgz}

  '@jridgewell/resolve-uri@3.1.2':
    resolution: {integrity: sha512-bRISgCIjP20/tbWSPWMEi54QVPRZExkuD9lJL+UIxUKtwVJA8wW1Trb1jMs1RFXo1CBTNZ/5hpC9QvmKWdopKw==, tarball: https://registry.npmmirror.com/@jridgewell/resolve-uri/-/resolve-uri-3.1.2.tgz}
    engines: {node: '>=6.0.0'}

  '@jridgewell/sourcemap-codec@1.4.10':
    resolution: {integrity: sha512-Ht8wIW5v165atIX1p+JvKR5ONzUyF4Ac8DZIQ5kZs9zrb6M8SJNXpx1zn04rn65VjBMygRoMXcyYwNK0fT7bEg==, tarball: https://registry.npmmirror.com/@jridgewell/sourcemap-codec/-/sourcemap-codec-1.4.10.tgz}

  '@jridgewell/trace-mapping@0.3.9':
    resolution: {integrity: sha512-3Belt6tdc8bPgAtbcmdtNJlirVoTmEb5e2gC94PnkwEW9jI6CAHUeoG85tjWP5WquqfavoMtMwiG4P926ZKKuQ==, tarball: https://registry.npmmirror.com/@jridgewell/trace-mapping/-/trace-mapping-0.3.9.tgz}

  '@mark.probst/typescript-json-schema@0.55.0':
    resolution: {integrity: sha512-jI48mSnRgFQxXiE/UTUCVCpX8lK3wCFKLF1Ss2aEreboKNuLQGt3e0/YFqWVHe/WENxOaqiJvwOz+L/SrN2+qQ==, tarball: https://registry.npmmirror.com/@mark.probst/typescript-json-schema/-/typescript-json-schema-0.55.0.tgz}
    hasBin: true

  '@tsconfig/node10@1.0.12':
    resolution: {integrity: sha512-UCYBaeFvM11aU2y3YPZ//O5Rhj+xKyzy7mvcIoAjASbigy8mHMryP5cK7dgjlz2hWxh1g5pLw084E0a/wlUSFQ==, tarball: https://registry.npmmirror.com/@tsconfig/node10/-/node10-1.0.12.tgz}

  '@tsconfig/node12@1.0.11':
    resolution: {integrity: sha512-cqefuRsh12pWyGsIoBKJA9luFu3mRxCA+ORZvA4ktLSzIuCUtWVxGIuXigEwO5/ywWFMZ2QEGKWvkZG1zDMTag==, tarball: https://registry.npmmirror.com/@tsconfig/node12/-/node12-1.0.11.tgz}

  '@tsconfig/node14@1.0.3':
    resolution: {integrity: sha512-ysT8mhdixWK6Hw3i1V2AeRqZ5WfXg1G43mqoYlM2nc6388Fq5jcXyr5mRsqViLx/GJYdoL0bfXD8nmF+Zn/Iow==, tarball: https://registry.npmmirror.com/@tsconfig/node14/-/node14-1.0.3.tgz}

  '@tsconfig/node16@1.0.4':
    resolution: {integrity: sha512-vxhUy4J8lyeyinH7Azl1pdd43GJhZH/tP2weN8TntQblOY+A0XbT8DJk1/oCPuOOyg/Ja757rG0CgHcWC8OfMA==, tarball: https://registry.npmmirror.com/@tsconfig/node16/-/node16-1.0.4.tgz}

  '@types/json-schema@7.0.15':
    resolution: {integrity: sha512-5+fP8P8MFNC+AyZCDxrB2pkZFPGzqQWUzpSeuuVLvm8VMcorNYavBqoFcxK8bQz4Qsbn4oUEEem4wDLfcysGHA==, tarball: https://registry.npmmirror.com/@types/json-schema/-/json-schema-7.0.15.tgz}

  '@types/node@16.9.2':
    resolution: {integrity: sha512-ZHty/hKoOLZvSz6BtP1g7tc7nUeJhoCf3flLjh8ZEv1vFKBWHXcnMbJMyN/pftSljNyy0kNW/UqI3DccnBnZ8w==, tarball: https://registry.npmmirror.com/@types/node/-/node-16.9.2.tgz}

  '@types/node@24.13.3':
    resolution: {integrity: sha512-Dh8vAsV36ig5wa9OX4pXvMc9D3Veibfw2wix0CUwYODLD8nkj9UsLjASr49nPg+2eKzxhBV+v7L8pXvT4e639Q==, tarball: https://registry.npmmirror.com/@types/node/-/node-24.13.3.tgz}

  abort-controller@3.0.0:
    resolution: {integrity: sha512-h8lQ8tacZYnR3vNQTgibj+tODHI5/+l06Au2Pcriv/Gmet0eaj4TwWH41sO9wnHDiQsEj19q0drzdWdeAHtweg==, tarball: https://registry.npmmirror.com/abort-controller/-/abort-controller-3.0.0.tgz}
    engines: {node: '>=6.5'}

  acorn-walk@8.3.5:
    resolution: {integrity: sha512-HEHNfbars9v4pgpW6SO1KSPkfoS0xVOM/9UzkJltjlsHZmJasxg8aXkuZa7SMf8vKGIBhpUsPluQSqhJFCqebw==, tarball: https://registry.npmmirror.com/acorn-walk/-/acorn-walk-8.3.5.tgz}
    engines: {node: '>=0.4.0'}

  acorn@8.17.0:
    resolution: {integrity: sha512-xRQbDb9BnwDafYNn6Vwl839DYVjqXYb1XVGtWAZ1kcDc6iwAL4hg3B1dZlRiuENFeO2H53gFG3in621AdERVAg==, tarball: https://registry.npmmirror.com/acorn/-/acorn-8.17.0.tgz}
    engines: {node: '>=0.4.0'}
    hasBin: true

  ajv-formats@3.0.1:
    resolution: {integrity: sha512-8iUql50EUR+uUcdRQ3HDqa6EVyo3docL8g5WJ3FNcWmu62IbkGUue/pEyLBW8VGKKucTPgqeks4fIU1DA4yowQ==, tarball: https://registry.npmmirror.com/ajv-formats/-/ajv-formats-3.0.1.tgz}
    peerDependencies:
      ajv: ^8.0.0
    peerDependenciesMeta:
      ajv:
        optional: true

  ajv@8.20.0:
    resolution: {integrity: sha512-Thbli+OlOj+iMPYFBVBfJ3OmCAnaSyNn4M1vz9T6Gka5Jt9ba/HIR56joy65tY6kx/FCF5VXNB819Y7/GUrBGA==, tarball: https://registry.npmmirror.com/ajv/-/ajv-8.20.0.tgz}

  ansi-regex@5.0.1:
    resolution: {integrity: sha512-quJQXlTSUGL2LH9SUXo8VwsY4soanhgo6LNSm84E1LBcE8s3O0wpdiRzyR9z/ZZJMlMWv37qOOb9pdJlMUEKFQ==, tarball: https://registry.npmmirror.com/ansi-regex/-/ansi-regex-5.0.1.tgz}
    engines: {node: '>=8'}

  ansi-styles@4.3.0:
    resolution: {integrity: sha512-zbB9rCJAT1rbjiVDb2hqKFHNYLxgtk8NURxZ3IZwD3F6NtxbXZQCnnSi1Lkx+IDohdPlFp222wVALIheZJQSEg==, tarball: https://registry.npmmirror.com/ansi-styles/-/ansi-styles-4.3.0.tgz}
    engines: {node: '>=8'}

  arg@4.1.3:
    resolution: {integrity: sha512-58S9QDqG0Xx27YwPSt9fJxivjYl432YCwfDMfZ+71RAqUrZef7LrKQZ3LHLOwCS4FLNBplP533Zx895SeOCHvA==, tarball: https://registry.npmmirror.com/arg/-/arg-4.1.3.tgz}

  array-back@3.1.0:
    resolution: {integrity: sha512-TkuxA4UCOvxuDK6NZYXCalszEzj+TLszyASooky+i742l9TqsOdYCMJJupxRic61hwquNtppB3hgcuq9SVSH1Q==, tarball: https://registry.npmmirror.com/array-back/-/array-back-3.1.0.tgz}
    engines: {node: '>=6'}

  array-back@6.2.3:
    resolution: {integrity: sha512-SGDvmg6QTYiTxCBkYVmThcoa67uLl35pyzRHdpCGBOcqFy6BtwnphoFPk7LhJshD+Yk1Kt35WGWeZPTgwR4Fhw==, tarball: https://registry.npmmirror.com/array-back/-/array-back-6.2.3.tgz}
    engines: {node: '>=12.17'}

  balanced-match@1.0.0:
    resolution: {integrity: sha512-9Y0g0Q8rmSt+H33DfKv7FOc3v+iRI+o1lbzt8jGcIosYW37IIW/2XVYq5NPdmaD5NQ59Nk26Kl/vZbwW9Fr8vg==, tarball: https://registry.npmmirror.com/balanced-match/-/balanced-match-1.0.0.tgz}

  base64-js@1.5.1:
    resolution: {integrity: sha512-AKpaYlHn8t4SVbOHCy+b5+KKgvR4vrsD8vbvrbiQJps7fKDTkjkDry6ji0rUJjC0kzbNePLwzxq8iypo41qeWA==, tarball: https://registry.npmmirror.com/base64-js/-/base64-js-1.5.1.tgz}

  brace-expansion@1.1.16:
    resolution: {integrity: sha512-IDw48K2/2kRkg9LdJxurvq3lV3aBgq0REY89duEqFRthjlPdXHKMj7EnQOXVckxzgisinf3nHfrcE2FufFLXMw==, tarball: https://registry.npmmirror.com/brace-expansion/-/brace-expansion-1.1.16.tgz}

  browser-or-node@3.0.0:
    resolution: {integrity: sha512-iczIdVJzGEYhP5DqQxYM9Hh7Ztpqqi+CXZpSmX8ALFs9ecXkQIeqRyM6TfxEfMVpwhl3dSuDvxdzzo9sUOIVBQ==, tarball: https://registry.npmmirror.com/browser-or-node/-/browser-or-node-3.0.0.tgz}

  buffer@6.0.3:
    resolution: {integrity: sha512-FTiCpNxtwiZZHEZbcbTIcZjERVICn9yq/pDFkTl95/AxzD1naBctN7YO68riM/gLSDY7sdrMby8hofADYuuqOA==, tarball: https://registry.npmmirror.com/buffer/-/buffer-6.0.3.tgz}

  chalk-template@0.4.0:
    resolution: {integrity: sha512-/ghrgmhfY8RaSdeo43hNXxpoHAtxdbskUHjPpfqUWGttFgycUhYPGx3YZBCnUCvOa7Doivn1IZec3DEGFoMgLg==, tarball: https://registry.npmmirror.com/chalk-template/-/chalk-template-0.4.0.tgz}
    engines: {node: '>=12'}

  chalk@4.1.2:
    resolution: {integrity: sha512-oKnbhFyRIXpUuez8iBMmyEa4nbj4IOQyuhc/wy9kY7/WVPcwIO9VA668Pu8RkO7+0G76SLROeyw9CpQ061i4mA==, tarball: https://registry.npmmirror.com/chalk/-/chalk-4.1.2.tgz}
    engines: {node: '>=10'}

  cliui@8.0.1:
    resolution: {integrity: sha512-BSeNnyus75C4//NQ9gQt1/csTXyo/8Sb+afLAkzAptFuMsod9HFokGNudZpi/oQV73hnVK+sR+5PVRMd+Dr7YQ==, tarball: https://registry.npmmirror.com/cliui/-/cliui-8.0.1.tgz}
    engines: {node: '>=12'}

  collection-utils@1.0.1:
    resolution: {integrity: sha512-LA2YTIlR7biSpXkKYwwuzGjwL5rjWEZVOSnvdUc7gObvWe4WkjxOpfrdhoP7Hs09YWDVfg0Mal9BpAqLfVEzQg==, tarball: https://registry.npmmirror.com/collection-utils/-/collection-utils-1.0.1.tgz}

  color-convert@2.0.1:
    resolution: {integrity: sha512-RRECPsj7iu/xb5oKYcsFHSppFNnsj/52OVTRKb4zP5onXwVF3zVmmToNcOfGC+CRDpfK/U584fMg38ZHCaElKQ==, tarball: https://registry.npmmirror.com/color-convert/-/color-convert-2.0.1.tgz}
    engines: {node: '>=7.0.0'}

  color-name@1.1.4:
    resolution: {integrity: sha512-dOy+3AuW3a2wNbZHIuMZpTcgjGuLU/uBL/ubcZF9OXbDo8ff4O8yVp5Bf0efS8uEoYo5q4Fx7dY9OgQGXgAsQA==, tarball: https://registry.npmmirror.com/color-name/-/color-name-1.1.4.tgz}

  command-line-args@5.2.1:
    resolution: {integrity: sha512-H4UfQhZyakIjC74I9d34fGYDwk3XpSr17QhEd0Q3I9Xq1CETHo4Hcuo87WyWHpAF1aSLjLRf5lD9ZGX2qStUvg==, tarball: https://registry.npmmirror.com/command-line-args/-/command-line-args-5.2.1.tgz}
    engines: {node: '>=4.0.0'}

  command-line-usage@7.0.4:
    resolution: {integrity: sha512-85UdvzTNx/+s5CkSgBm/0hzP80RFHAa7PsfeADE5ezZF3uHz3/Tqj9gIKGT9PTtpycc3Ua64T0oVulGfKxzfqg==, tarball: https://registry.npmmirror.com/command-line-usage/-/command-line-usage-7.0.4.tgz}
    engines: {node: '>=12.20.0'}

  concat-map@0.0.1:
    resolution: {integrity: sha512-/Srv4dswyQNBfohGpz9o6Yb3Gz3SrUDqBH5rTuhGR7ahtlbYKnVxw2bCFMRljaA7EXHaXZ8wsHdodFvbkhKmqg==, tarball: https://registry.npmmirror.com/concat-map/-/concat-map-0.0.1.tgz}

  create-require@1.1.1:
    resolution: {integrity: sha512-dcKFX3jn0MpIaXjisoRvexIJVEKzaq7z2rZKxf+MSr9TkdmHmsU4m2lcLojrj/FHl8mk5VxMmYA+ftRkP/3oKQ==, tarball: https://registry.npmmirror.com/create-require/-/create-require-1.1.1.tgz}

  diff@4.0.4:
    resolution: {integrity: sha512-X07nttJQkwkfKfvTPG/KSnE2OMdcUCao6+eXF3wmnIQRn2aPAHH3VxDbDOdegkd6JbPsXqShpvEOHfAT+nCNwQ==, tarball: https://registry.npmmirror.com/diff/-/diff-4.0.4.tgz}
    engines: {node: '>=0.3.1'}

  emoji-regex@8.0.0:
    resolution: {integrity: sha512-MSjYzcWNOA0ewAHpz0MxpYFvwg6yjy1NG3xteoqz644VCo/RPgnr1/GGt+ic3iJTzQ8Eu3TdM14SawnVUmGE6A==, tarball: https://registry.npmmirror.com/emoji-regex/-/emoji-regex-8.0.0.tgz}

  escalade@3.2.0:
    resolution: {integrity: sha512-WUj2qlxaQtO4g6Pq5c29GTcWGDyd8itL8zTlipgECz3JesAiiOKotd8JU6otB3PACgG6xkJUyVhboMS+bje/jA==, tarball: https://registry.npmmirror.com/escalade/-/escalade-3.2.0.tgz}
    engines: {node: '>=6'}

  event-target-shim@5.0.1:
    resolution: {integrity: sha512-i/2XbnSz/uxRCU6+NdVJgKWDTM427+MqYbkQzD321DuCQJUqOuJKIA0IM2+W2xtYHdKOmZ4dR6fExsd4SXL+WQ==, tarball: https://registry.npmmirror.com/event-target-shim/-/event-target-shim-5.0.1.tgz}
    engines: {node: '>=6'}

  events@3.3.0:
    resolution: {integrity: sha512-mQw+2fkQbALzQ7V0MY0IqdnXNOeTtP4r0lN9z7AAawCXgqea7bDii20AYrIBrFd/Hx0M2Ocz6S111CaFkUcb0Q==, tarball: https://registry.npmmirror.com/events/-/events-3.3.0.tgz}
    engines: {node: '>=0.8.x'}

  fast-deep-equal@3.1.3:
    resolution: {integrity: sha512-f3qQ9oQy9j2AhBe/H9VC91wLmKBCCU/gDOnKNAYG5hswO7BLKj09Hc5HYNz9cGI++xlpDCIgDaitVs03ATR84Q==, tarball: https://registry.npmmirror.com/fast-deep-equal/-/fast-deep-equal-3.1.3.tgz}

  fast-uri@3.1.4:
    resolution: {integrity: sha512-8JnbkQ4juDyvYs4mgFGQqg4yCYtFDtUtmp2QIQq11ZZe5CFQ5wcqm1rqDgAh/QdMySuBnPzMUiJUNZG5N/AiQw==, tarball: https://registry.npmmirror.com/fast-uri/-/fast-uri-3.1.4.tgz}

  find-replace@3.0.0:
    resolution: {integrity: sha512-6Tb2myMioCAgv5kfvP5/PkZZ/ntTpVK39fHY7WkWBgvbeE+VHd/tZuZ4mrC+bxh4cfOZeYKVPaJIZtZXV7GNCQ==, tarball: https://registry.npmmirror.com/find-replace/-/find-replace-3.0.0.tgz}
    engines: {node: '>=4.0.0'}

  fs.realpath@1.0.0:
    resolution: {integrity: sha512-OO0pH2lK6a0hZnAdau5ItzHPI6pUlvI7jMVnxUQRtw4owF2wk8lOSabtGDCTP4Ggrg2MbGnWO9X8K1t4+fGMDw==, tarball: https://registry.npmmirror.com/fs.realpath/-/fs.realpath-1.0.0.tgz}

  get-caller-file@2.0.5:
    resolution: {integrity: sha512-DyFP3BM/3YHTQOCUL/w0OZHR0lpKeGrxotcHWcqNEdnltqFwXVfhEBQ94eIo34AfQpo0rGki4cyIiftY06h2Fg==, tarball: https://registry.npmmirror.com/get-caller-file/-/get-caller-file-2.0.5.tgz}
    engines: {node: 6.* || 8.* || >= 10.*}

  glob@7.2.0:
    resolution: {integrity: sha512-lmLf6gtyrPq8tTjSmrO94wBeQbFR3HbLHbuyD69wuyQkImp2hWqMGB47OX65FBkPffO641IP9jWa1z4ivqG26Q==, tarball: https://registry.npmmirror.com/glob/-/glob-7.2.0.tgz}
    deprecated: Old versions of glob are not supported, and contain widely publicized security vulnerabilities, which have been fixed in the current version. Please update. Support for old versions may be purchased (at exorbitant rates) by contacting i@izs.me

  graphql@16.14.2:
    resolution: {integrity: sha512-Chq1s4CY7jmh8gO2qvLIJyfCDIN+EHLFW/9iShnp1z8FjBQMoodWP1kDC36VAMXXIvAjj4ARa7ntfAV2BrjsbA==, tarball: https://registry.npmmirror.com/graphql/-/graphql-16.14.2.tgz}
    engines: {node: ^12.22.0 || ^14.16.0 || ^16.0.0 || >=17.0.0}

  has-flag@4.0.0:
    resolution: {integrity: sha512-EykJT/Q1KjTWctppgIAgfSO0tKVuZUjhgMr17kqTumMl6Afv3EISleU7qZUzoXDFTAHTDC4NOoG/ZxU3EvlMPQ==, tarball: https://registry.npmmirror.com/has-flag/-/has-flag-4.0.0.tgz}
    engines: {node: '>=8'}

  ieee754@1.2.1:
    resolution: {integrity: sha512-dcyqhDvX1C46lXZcVqCpK+FtMRQVdIMN6/Df5js2zouUsqG7I6sFxitIC+7KYK29KdXOLHdu9zL4sFnoVQnqaA==, tarball: https://registry.npmmirror.com/ieee754/-/ieee754-1.2.1.tgz}

  inflight@1.0.6:
    resolution: {integrity: sha512-k92I/b08q4wvFscXCLvqfsHCrjrF7yiXsQuIVvVE7N82W3+aqpzuUdBbfhWcy/FZR3/4IgflMgKLOsvPDrGCJA==, tarball: https://registry.npmmirror.com/inflight/-/inflight-1.0.6.tgz}
    deprecated: This module is not supported, and leaks memory. Do not use it. Check out lru-cache if you want a good and tested way to coalesce async requests by a key value, which is much more comprehensive and powerful.

  inherits@2.0.4:
    resolution: {integrity: sha512-k/vGaX4/Yla3WzyMCvTQOXYeIHvqOKtnqBduzTHpzpQZzAskKMhZ2K+EnBiSM9zGSoIFeMpXKxa4dYeZIQqewQ==, tarball: https://registry.npmmirror.com/inherits/-/inherits-2.0.4.tgz}

  is-fullwidth-code-point@3.0.0:
    resolution: {integrity: sha512-zymm5+u+sCsSWyD9qNaejV3DFvhCKclKdizYaJUuHA83RLjb7nSuGnddCHGv0hk+KY7BMAlsWeK4Ueg6EV6XQg==, tarball: https://registry.npmmirror.com/is-fullwidth-code-point/-/is-fullwidth-code-point-3.0.0.tgz}
    engines: {node: '>=8'}

  is-url@1.2.4:
    resolution: {integrity: sha512-ITvGim8FhRiYe4IQ5uHSkj7pVaPDrCTkNd3yq3cV7iZAcJdHTUMPMEHcqSOy9xZ9qFenQCvi+2wjH9a1nXqHww==, tarball: https://registry.npmmirror.com/is-url/-/is-url-1.2.4.tgz}

  js-base64@3.9.1:
    resolution: {integrity: sha512-U73qptcvf/HIOauFOmqT3a0mDUp0MYlfd15oqoe9kqZt5XhiXVb+HG09sLvI9PQ9tZIBFS4nlErai8zbWazP0g==, tarball: https://registry.npmmirror.com/js-base64/-/js-base64-3.9.1.tgz}

  json-schema-traverse@1.0.0:
    resolution: {integrity: sha512-NM8/P9n3XjXhIZn1lLhkFaACTOURQXjWhV4BA/RnOv8xvgqtqpAX9IO4mRQxSx1Rlo4tqzeqb0sOlruaOy3dug==, tarball: https://registry.npmmirror.com/json-schema-traverse/-/json-schema-traverse-1.0.0.tgz}

  lodash.camelcase@4.3.0:
    resolution: {integrity: sha512-TwuEnCnxbc3rAvhf/LbG7tJUDzhqXyFnv3dtzLOPgCG/hODL7WFnsbwktkD7yUV0RrreP/l1PALq/YSg6VvjlA==, tarball: https://registry.npmmirror.com/lodash.camelcase/-/lodash.camelcase-4.3.0.tgz}

  lodash@4.18.1:
    resolution: {integrity: sha512-dMInicTPVE8d1e5otfwmmjlxkZoUpiVLwyeTdUsi/Caj/gfzzblBcCE5sRHV/AsjuCmxWrte2TNGSYuCeCq+0Q==, tarball: https://registry.npmmirror.com/lodash/-/lodash-4.18.1.tgz}

  make-error@1.3.6:
    resolution: {integrity: sha512-s8UhlNe7vPKomQhC1qFelMokr/Sc3AgNbso3n74mVPA5LTZwkB9NlXf4XPamLxJE8h0gh73rM94xvwRT2CVInw==, tarball: https://registry.npmmirror.com/make-error/-/make-error-1.3.6.tgz}

  minimatch@3.1.5:
    resolution: {integrity: sha512-VgjWUsnnT6n+NUk6eZq77zeFdpW2LWDzP6zFGrCbHXiYNul5Dzqk2HHQ5uFH2DNW5Xbp8+jVzaeNt94ssEEl4w==, tarball: https://registry.npmmirror.com/minimatch/-/minimatch-3.1.5.tgz}

  moment@2.30.1:
    resolution: {integrity: sha512-uEmtNhbDOrWPFS+hdjFCBfy9f2YoyzRpwcl+DqpC6taX21FzsTLQVbMV/W7PzNSX6x/bhC1zA3c2UQ5NzH6how==, tarball: https://registry.npmmirror.com/moment/-/moment-2.30.1.tgz}

  once@1.4.0:
    resolution: {integrity: sha512-lNaJgI+2Q5URQBkccEKHTQOPaXdUxnZZElQTZY0MFUAuaEqe1E+Nyvgdz/aIyNi6Z9MzO5dv1H8n58/GELp3+w==, tarball: https://registry.npmmirror.com/once/-/once-1.4.0.tgz}

  pako@0.2.5:
    resolution: {integrity: sha512-PCLVoYCG5M1a/4CXuhDjqrUQImsH2pUOMINNz7iW3OcIhvrchLiZEXJGIeH3UP8k6YFJOKvpFIBkGhND55uuvw==, tarball: https://registry.npmmirror.com/pako/-/pako-0.2.5.tgz}

  pako@1.0.6:
    resolution: {integrity: sha512-lQe48YPsMJAig+yngZ87Lus+NF+3mtu7DVOBu6b/gHO1YpKwIj5AWjZ/TOS7i46HD/UixzWb1zeWDZfGZ3iYcg==, tarball: https://registry.npmmirror.com/pako/-/pako-1.0.6.tgz}

  path-equal@1.2.5:
    resolution: {integrity: sha512-i73IctDr3F2W+bsOWDyyVm/lqsXO47aY9nsFZUjTT/aljSbkxHxxCoyZ9UUrM8jK0JVod+An+rl48RCsvWM+9g==, tarball: https://registry.npmmirror.com/path-equal/-/path-equal-1.2.5.tgz}

  path-is-absolute@1.0.1:
    resolution: {integrity: sha512-AVbw3UJ2e9bq64vSaS9Am0fje1Pa8pbGqTTsmXfaIiMpnr5DlDhfJOuLj9Sf95ZPVDAUerDfEk88MPmPe7UCQg==, tarball: https://registry.npmmirror.com/path-is-absolute/-/path-is-absolute-1.0.1.tgz}
    engines: {node: '>=0.10.0'}

  pluralize@8.0.0:
    resolution: {integrity: sha512-Nc3IT5yHzflTfbjgqWcCPpo7DaKy4FnpB0l/zCAW0Tc7jxAiuqSxHasntB3D7887LSrA93kDJ9IXovxJYxyLCA==, tarball: https://registry.npmmirror.com/pluralize/-/pluralize-8.0.0.tgz}
    engines: {node: '>=4'}

  process@0.11.10:
    resolution: {integrity: sha512-cdGef/drWFoydD1JsMzuFf8100nZl+GT+yacc2bEced5f9Rjk4z+WtFUTBu9PhOi9j/jfmBPu0mMEY4wIdAF8A==, tarball: https://registry.npmmirror.com/process/-/process-0.11.10.tgz}
    engines: {node: '>= 0.6.0'}

  quicktype-core@24.0.0:
    resolution: {integrity: sha512-1ilRrzFltFe+HzAPJHSPtWZ7bFRm8QSAtxC49IbxITyBv1xzB4vyavYiAOAd9Y3kEVDHomt9PoSw8eHGMdAMzA==, tarball: https://registry.npmmirror.com/quicktype-core/-/quicktype-core-24.0.0.tgz}
    engines: {node: '>=20.0.0'}

  quicktype-graphql-input@24.0.0:
    resolution: {integrity: sha512-K4i13Qj1iuyUTP4IyfkJzq2SmCw5Mwmv73by7Hj7NU0zDtrE3mzvaJ5rJb2YBvzIBp9yIGXlGrcyD3XxJlxOOw==, tarball: https://registry.npmmirror.com/quicktype-graphql-input/-/quicktype-graphql-input-24.0.0.tgz}
    engines: {node: '>=20.0.0'}

  quicktype-typescript-input@24.0.0:
    resolution: {integrity: sha512-g1yfKUEDUj4YVM2wtX30z9U3OhAn/lE4qjnseNbKvKaDyH2x2iUdlmKiQ0OKbvg02NC+75/BKQQDo1qQY63fbA==, tarball: https://registry.npmmirror.com/quicktype-typescript-input/-/quicktype-typescript-input-24.0.0.tgz}
    engines: {node: '>=20.0.0'}

  quicktype@24.0.0:
    resolution: {integrity: sha512-rHvoo7VwyimgLMcQiCrsTDaGW4TVJJI0lO8ZBu/sVLcYqsEzLgpftNWz4hQOGtzQTLaTTn0Hojf2PDDPD/ur7g==, tarball: https://registry.npmmirror.com/quicktype/-/quicktype-24.0.0.tgz}
    engines: {node: '>=20.0.0'}
    hasBin: true

  readable-stream@3.6.2:
    resolution: {integrity: sha512-9u/sniCrY3D5WdsERHzHE4G2YCXqoG5FTHUiCC4SIbr6XcLZBY05ya9EKjYek9O5xOAwjGq+1JdGBAS7Q9ScoA==, tarball: https://registry.npmmirror.com/readable-stream/-/readable-stream-3.6.2.tgz}
    engines: {node: '>= 6'}

  readable-stream@4.5.2:
    resolution: {integrity: sha512-yjavECdqeZ3GLXNgRXgeQEdz9fvDDkNKyHnbHRFtOr7/LcfgBcmct7t/ET+HaCTqfh06OzoAxrkN/IfjJBVe+g==, tarball: https://registry.npmmirror.com/readable-stream/-/readable-stream-4.5.2.tgz}
    engines: {node: ^12.22.0 || ^14.17.0 || >=16.0.0}

  readable-stream@4.7.0:
    resolution: {integrity: sha512-oIGGmcpTLwPga8Bn6/Z75SVaH1z5dUut2ibSyAMVhmUggWpmDn2dapB0n7f8nwaSiRtepAsfJyfXIO5DCVAODg==, tarball: https://registry.npmmirror.com/readable-stream/-/readable-stream-4.7.0.tgz}
    engines: {node: ^12.22.0 || ^14.17.0 || >=16.0.0}

  require-directory@2.1.1:
    resolution: {integrity: sha512-fGxEI7+wsG9xrvdjsrlmL22OMTTiHRwAMroiEeMgq8gzoLC/PQr7RsRDSTLUg/bZAZtF+TVIkHc6/4RIKrui+Q==, tarball: https://registry.npmmirror.com/require-directory/-/require-directory-2.1.1.tgz}
    engines: {node: '>=0.10.0'}

  require-from-string@2.0.2:
    resolution: {integrity: sha512-Xf0nWe6RseziFMu+Ap9biiUbmplq6S9/p+7w7YXP/JBHhrUDDUhwa+vANyubuqfZWTveU//DYVGsDG7RKL/vEw==, tarball: https://registry.npmmirror.com/require-from-string/-/require-from-string-2.0.2.tgz}
    engines: {node: '>=0.10.0'}

  safe-buffer@5.2.1:
    resolution: {integrity: sha512-rp3So07KcdmmKbGvgaNxQSJr7bGVSVk5S9Eq1F+ppbRo70+YeaDxkw5Dd8NPN+GD6bjnYm2VuPuCXmpuYvmCXQ==, tarball: https://registry.npmmirror.com/safe-buffer/-/safe-buffer-5.2.1.tgz}

  safe-stable-stringify@2.5.0:
    resolution: {integrity: sha512-b3rppTKm9T+PsVCBEOUR46GWI7fdOs00VKZ1+9c1EWDaDMvjQc6tUwuFyIprgGgTcWoVHSKrU8H31ZHA2e0RHA==, tarball: https://registry.npmmirror.com/safe-stable-stringify/-/safe-stable-stringify-2.5.0.tgz}
    engines: {node: '>=10'}

  stream-chain@2.2.5:
    resolution: {integrity: sha512-1TJmBx6aSWqZ4tx7aTpBDXK0/e2hhcNSTV8+CbFJtDjbb+I1mZ8lHit0Grw9GRT+6JbIrrDd8esncgBi8aBXGA==, tarball: https://registry.npmmirror.com/stream-chain/-/stream-chain-2.2.5.tgz}

  stream-json@1.8.0:
    resolution: {integrity: sha512-HZfXngYHUAr1exT4fxlbc1IOce1RYxp2ldeaf97LYCOPSoOqY/1Psp7iGvpb+6JIOgkra9zDYnPX01hGAHzEPw==, tarball: https://registry.npmmirror.com/stream-json/-/stream-json-1.8.0.tgz}

  string-to-stream@3.0.1:
    resolution: {integrity: sha512-Hl092MV3USJuUCC6mfl9sPzGloA3K5VwdIeJjYIkXY/8K+mUvaeEabWJgArp+xXrsWxCajeT2pc4axbVhIZJyg==, tarball: https://registry.npmmirror.com/string-to-stream/-/string-to-stream-3.0.1.tgz}

  string-width@4.2.3:
    resolution: {integrity: sha512-wKyQRQpjJ0sIp62ErSZdGsjMJWsap5oRNihHhu6G7JVO/9jIB6UyevL+tXuOqrng8j/cxKTWyWUwvSTriiZz/g==, tarball: https://registry.npmmirror.com/string-width/-/string-width-4.2.3.tgz}
    engines: {node: '>=8'}

  string_decoder@1.3.0:
    resolution: {integrity: sha512-hkRX8U1WjJFd8LsDJ2yQ/wWWxaopEsABU1XfkM8A+j0+85JAGppt16cr1Whg6KIbb4okU6Mql6BOj+uup/wKeA==, tarball: https://registry.npmmirror.com/string_decoder/-/string_decoder-1.3.0.tgz}

  strip-ansi@6.0.1:
    resolution: {integrity: sha512-Y38VPSHcqkFrCpFnQ9vuSXmquuv5oXOKpGeT6aGrr3o3Gc9AlVa6JBfUSOCnbxGGZF+/0ooI7KrPuUSztUdU5A==, tarball: https://registry.npmmirror.com/strip-ansi/-/strip-ansi-6.0.1.tgz}
    engines: {node: '>=8'}

  supports-color@7.2.0:
    resolution: {integrity: sha512-qpCAvRl9stuOHveKsn7HncJRvv501qIacKzQlO/+Lwxc9+0q2wLyv4Dfvt80/DPn2pqOBsJdDiogXGR9+OvwRw==, tarball: https://registry.npmmirror.com/supports-color/-/supports-color-7.2.0.tgz}
    engines: {node: '>=8'}

  table-layout@4.1.1:
    resolution: {integrity: sha512-iK5/YhZxq5GO5z8wb0bY1317uDF3Zjpha0QFFLA8/trAoiLbQD0HUbMesEaxyzUgDxi2QlcbM8IvqOlEjgoXBA==, tarball: https://registry.npmmirror.com/table-layout/-/table-layout-4.1.1.tgz}
    engines: {node: '>=12.17'}

  tiny-inflate@1.0.3:
    resolution: {integrity: sha512-pkY1fj1cKHb2seWDy0B16HeWyczlJA9/WW3u3c4z/NiWDsO3DOU5D7nhTLE9CF0yXv/QZFY7sEJmj24dK+Rrqw==, tarball: https://registry.npmmirror.com/tiny-inflate/-/tiny-inflate-1.0.3.tgz}

  ts-node@10.9.2:
    resolution: {integrity: sha512-f0FFpIdcHgn8zcPSbf1dRevwt047YMnaiJM3u2w2RewrB+fob/zePZcrOyQoLMMO7aBIddLcQIEK5dYjkLnGrQ==, tarball: https://registry.npmmirror.com/ts-node/-/ts-node-10.9.2.tgz}
    hasBin: true
    peerDependencies:
      '@swc/core': '>=1.2.50'
      '@swc/wasm': '>=1.2.50'
      '@types/node': '*'
      typescript: '>=2.7'
    peerDependenciesMeta:
      '@swc/core':
        optional: true
      '@swc/wasm':
        optional: true

  typescript@4.9.4:
    resolution: {integrity: sha512-Uz+dTXYzxXXbsFpM86Wh3dKCxrQqUcVMxwU54orwlJjOpO3ao8L7j5lH+dWfTwgCwIuM9GQ2kvVotzYJMXTBZg==, tarball: https://registry.npmmirror.com/typescript/-/typescript-4.9.4.tgz}
    engines: {node: '>=4.2.0'}
    hasBin: true

  typescript@4.9.5:
    resolution: {integrity: sha512-1FXk9E2Hm+QzZQ7z+McJiHL4NW1F2EzMu9Nq9i3zAaGqibafqYwCVU6WyWAuyQRRzOlxou8xZSyXLEN8oKj24g==, tarball: https://registry.npmmirror.com/typescript/-/typescript-4.9.5.tgz}
    engines: {node: '>=4.2.0'}
    hasBin: true

  typescript@5.8.3:
    resolution: {integrity: sha512-p1diW6TqL9L07nNxvRMM7hMMw4c5XOo/1ibL4aAIGmSAt9slTE1Xgw5KWuof2uTOvCg9BY7ZRi+GaF+7sfgPeQ==, tarball: https://registry.npmmirror.com/typescript/-/typescript-5.8.3.tgz}
    engines: {node: '>=14.17'}
    hasBin: true

  typescript@6.0.3:
    resolution: {integrity: sha512-y2TvuxSZPDyQakkFRPZHKFm+KKVqIisdg9/CZwm9ftvKXLP8NRWj38/ODjNbr43SsoXqNuAisEf1GdCxqWcdBw==, tarball: https://registry.npmmirror.com/typescript/-/typescript-6.0.3.tgz}
    engines: {node: '>=14.17'}
    hasBin: true

  typical@4.0.0:
    resolution: {integrity: sha512-VAH4IvQ7BDFYglMd7BPRDfLgxZZX4O4TFcRDA6EN5X7erNJJq+McIEp8np9aVtxrCJ6qx4GTYVfOWNjcqwZgRw==, tarball: https://registry.npmmirror.com/typical/-/typical-4.0.0.tgz}
    engines: {node: '>=8'}

  typical@7.3.0:
    resolution: {integrity: sha512-ya4mg/30vm+DOWfBg4YK3j2WD6TWtRkCbasOJr40CseYENzCUby/7rIvXA99JGsQHeNxLbnXdyLLxKSv3tauFw==, tarball: https://registry.npmmirror.com/typical/-/typical-7.3.0.tgz}
    engines: {node: '>=12.17'}

  undici-types@7.18.2:
    resolution: {integrity: sha512-AsuCzffGHJybSaRrmr5eHr81mwJU3kjw6M+uprWvCXiNeN9SOGwQ3Jn8jb8m3Z6izVgknn1R0FTCEAP2QrLY/w==, tarball: https://registry.npmmirror.com/undici-types/-/undici-types-7.18.2.tgz}

  unicode-properties@1.4.1:
    resolution: {integrity: sha512-CLjCCLQ6UuMxWnbIylkisbRj31qxHPAurvena/0iwSVbQ2G1VY5/HjV0IRabOEbDHlzZlRdCrD4NhB0JtU40Pg==, tarball: https://registry.npmmirror.com/unicode-properties/-/unicode-properties-1.4.1.tgz}

  unicode-trie@2.0.0:
    resolution: {integrity: sha512-x7bc76x0bm4prf1VLg79uhAzKw8DVboClSN5VxJuQ+LKDOVEW9CdH+VY7SP+vX7xCYQqzzgQpFqz15zeLvAtZQ==, tarball: https://registry.npmmirror.com/unicode-trie/-/unicode-trie-2.0.0.tgz}

  urijs@1.19.11:
    resolution: {integrity: sha512-HXgFDgDommxn5/bIv0cnQZsPhHDA90NPHD6+c/v21U5+Sx5hoP8+dP9IZXBU1gIfvdRfhG8cel9QNPeionfcCQ==, tarball: https://registry.npmmirror.com/urijs/-/urijs-1.19.11.tgz}

  util-deprecate@1.0.2:
    resolution: {integrity: sha512-EPD5q1uXyFxJpCrLnCc1nHnq3gOa6DZBocAIiI2TaSCA7VCJ1UJDMagCzIkXNsUYfD1daK//LTEQ8xiIbrHtcw==, tarball: https://registry.npmmirror.com/util-deprecate/-/util-deprecate-1.0.2.tgz}

  v8-compile-cache-lib@3.0.1:
    resolution: {integrity: sha512-wa7YjyUGfNZngI/vtK0UHAN+lgDCxBPCylVXGp0zu59Fz5aiGtNXaq3DhIov063MorB+VfufLh3JlF2KdTK3xg==, tarball: https://registry.npmmirror.com/v8-compile-cache-lib/-/v8-compile-cache-lib-3.0.1.tgz}

  wordwrap@1.0.0:
    resolution: {integrity: sha512-gvVzJFlPycKc5dZN4yPkP8w7Dc37BtP1yczEneOb4uq34pXZcvrtRTmWV8W+Ume+XCxKgbjM+nevkyFPMybd4Q==, tarball: https://registry.npmmirror.com/wordwrap/-/wordwrap-1.0.0.tgz}

  wordwrapjs@5.1.1:
    resolution: {integrity: sha512-0yweIbkINJodk27gX9LBGMzyQdBDan3s/dEAiwBOj+Mf0PPyWL6/rikalkv8EeD0E8jm4o5RXEOrFTP3NXbhJg==, tarball: https://registry.npmmirror.com/wordwrapjs/-/wordwrapjs-5.1.1.tgz}
    engines: {node: '>=12.17'}

  wrap-ansi@7.0.0:
    resolution: {integrity: sha512-YVGIj2kamLSTxw6NsZjoBxfSwsn0ycdesmc4p+Q21c5zPuZ1pl+NfxVdxPtdHvmNVOQ6XSYG4AUtyt/Fi7D16Q==, tarball: https://registry.npmmirror.com/wrap-ansi/-/wrap-ansi-7.0.0.tgz}
    engines: {node: '>=10'}

  wrappy@1.0.2:
    resolution: {integrity: sha512-l4Sp/DRseor9wL6EvV2+TuQn63dMkPjZ/sp9XkghTEbV9KlPS1xUsZ3u7/IQO4wxtcFB4bgpQPRcR3QCvezPcQ==, tarball: https://registry.npmmirror.com/wrappy/-/wrappy-1.0.2.tgz}

  y18n@5.0.8:
    resolution: {integrity: sha512-0pfFzegeDWJHJIAmTLRP2DwHjdF5s7jo9tuztdQxAhINCdvS+3nGINqPd00AphqJR/0LhANUS6/+7SCb98YOfA==, tarball: https://registry.npmmirror.com/y18n/-/y18n-5.0.8.tgz}
    engines: {node: '>=10'}

  yaml@2.9.0:
    resolution: {integrity: sha512-2AvhNX3mb8zd6Zy7INTtSpl1F15HW6Wnqj0srWlkKLcpYl/gMIMJiyuGq2KeI2YFxUPjdlB+3Lc10seMLtL4cA==, tarball: https://registry.npmmirror.com/yaml/-/yaml-2.9.0.tgz}
    engines: {node: '>= 14.6'}
    hasBin: true

  yargs-parser@21.1.1:
    resolution: {integrity: sha512-tVpsJW7DdjecAiFpbIB1e3qxIQsE6NoPc5/eTdrbbIC4h0LVsWhnoa3g+m2HclBIujHzsxZ4VJVA+GUuc2/LBw==, tarball: https://registry.npmmirror.com/yargs-parser/-/yargs-parser-21.1.1.tgz}
    engines: {node: '>=12'}

  yargs@17.7.3:
    resolution: {integrity: sha512-GZtjxm/J/4TSxuL3FNYjCmLktBTnIw/rVmKSIyKeYAZpmJB2ig9VauCC5xsa82GNKVKDAqpOn3KVzNt0zmrU0g==, tarball: https://registry.npmmirror.com/yargs/-/yargs-17.7.3.tgz}
    engines: {node: '>=12'}

  yn@3.1.1:
    resolution: {integrity: sha512-Ux4ygGWsu2c7isFWe8Yu1YluJmqVhxqK2cLXNQA5AcC3QfbGNpM7fu0Y8b/z16pXLnFxZYvWhd3fhBY9DLmC6Q==, tarball: https://registry.npmmirror.com/yn/-/yn-3.1.1.tgz}
    engines: {node: '>=6'}

snapshots:

  '@cspotcode/source-map-support@0.8.1':
    dependencies:
      '@jridgewell/trace-mapping': 0.3.9

  '@glideapps/ts-necessities@2.2.3': {}

  '@glideapps/ts-necessities@2.4.0': {}

  '@jridgewell/resolve-uri@3.1.2': {}

  '@jridgewell/sourcemap-codec@1.4.10': {}

  '@jridgewell/trace-mapping@0.3.9':
    dependencies:
      '@jridgewell/resolve-uri': 3.1.2
      '@jridgewell/sourcemap-codec': 1.4.10

  '@mark.probst/typescript-json-schema@0.55.0':
    dependencies:
      '@types/json-schema': 7.0.15
      '@types/node': 16.9.2
      glob: 7.2.0
      path-equal: 1.2.5
      safe-stable-stringify: 2.5.0
      ts-node: 10.9.2(@types/node@16.9.2)(typescript@4.9.4)
      typescript: 4.9.4
      yargs: 17.7.3
    transitivePeerDependencies:
      - '@swc/core'
      - '@swc/wasm'

  '@tsconfig/node10@1.0.12': {}

  '@tsconfig/node12@1.0.11': {}

  '@tsconfig/node14@1.0.3': {}

  '@tsconfig/node16@1.0.4': {}

  '@types/json-schema@7.0.15': {}

  '@types/node@16.9.2': {}

  '@types/node@24.13.3':
    dependencies:
      undici-types: 7.18.2

  abort-controller@3.0.0:
    dependencies:
      event-target-shim: 5.0.1

  acorn-walk@8.3.5:
    dependencies:
      acorn: 8.17.0

  acorn@8.17.0: {}

  ajv-formats@3.0.1(ajv@8.20.0):
    optionalDependencies:
      ajv: 8.20.0

  ajv@8.20.0:
    dependencies:
      fast-deep-equal: 3.1.3
      fast-uri: 3.1.4
      json-schema-traverse: 1.0.0
      require-from-string: 2.0.2

  ansi-regex@5.0.1: {}

  ansi-styles@4.3.0:
    dependencies:
      color-convert: 2.0.1

  arg@4.1.3: {}

  array-back@3.1.0: {}

  array-back@6.2.3: {}

  balanced-match@1.0.0: {}

  base64-js@1.5.1: {}

  brace-expansion@1.1.16:
    dependencies:
      balanced-match: 1.0.0
      concat-map: 0.0.1

  browser-or-node@3.0.0: {}

  buffer@6.0.3:
    dependencies:
      base64-js: 1.5.1
      ieee754: 1.2.1

  chalk-template@0.4.0:
    dependencies:
      chalk: 4.1.2

  chalk@4.1.2:
    dependencies:
      ansi-styles: 4.3.0
      supports-color: 7.2.0

  cliui@8.0.1:
    dependencies:
      string-width: 4.2.3
      strip-ansi: 6.0.1
      wrap-ansi: 7.0.0

  collection-utils@1.0.1: {}

  color-convert@2.0.1:
    dependencies:
      color-name: 1.1.4

  color-name@1.1.4: {}

  command-line-args@5.2.1:
    dependencies:
      array-back: 3.1.0
      find-replace: 3.0.0
      lodash.camelcase: 4.3.0
      typical: 4.0.0

  command-line-usage@7.0.4:
    dependencies:
      array-back: 6.2.3
      chalk-template: 0.4.0
      table-layout: 4.1.1
      typical: 7.3.0

  concat-map@0.0.1: {}

  create-require@1.1.1: {}

  diff@4.0.4: {}

  emoji-regex@8.0.0: {}

  escalade@3.2.0: {}

  event-target-shim@5.0.1: {}

  events@3.3.0: {}

  fast-deep-equal@3.1.3: {}

  fast-uri@3.1.4: {}

  find-replace@3.0.0:
    dependencies:
      array-back: 3.1.0

  fs.realpath@1.0.0: {}

  get-caller-file@2.0.5: {}

  glob@7.2.0:
    dependencies:
      fs.realpath: 1.0.0
      inflight: 1.0.6
      inherits: 2.0.4
      minimatch: 3.1.5
      once: 1.4.0
      path-is-absolute: 1.0.1

  graphql@16.14.2: {}

  has-flag@4.0.0: {}

  ieee754@1.2.1: {}

  inflight@1.0.6:
    dependencies:
      once: 1.4.0
      wrappy: 1.0.2

  inherits@2.0.4: {}

  is-fullwidth-code-point@3.0.0: {}

  is-url@1.2.4: {}

  js-base64@3.9.1: {}

  json-schema-traverse@1.0.0: {}

  lodash.camelcase@4.3.0: {}

  lodash@4.18.1: {}

  make-error@1.3.6: {}

  minimatch@3.1.5:
    dependencies:
      brace-expansion: 1.1.16

  moment@2.30.1: {}

  once@1.4.0:
    dependencies:
      wrappy: 1.0.2

  pako@0.2.5: {}

  pako@1.0.6: {}

  path-equal@1.2.5: {}

  path-is-absolute@1.0.1: {}

  pluralize@8.0.0: {}

  process@0.11.10: {}

  quicktype-core@24.0.0:
    dependencies:
      '@glideapps/ts-necessities': 2.2.3
      browser-or-node: 3.0.0
      collection-utils: 1.0.1
      is-url: 1.2.4
      js-base64: 3.9.1
      lodash: 4.18.1
      pako: 1.0.6
      pluralize: 8.0.0
      readable-stream: 4.5.2
      unicode-properties: 1.4.1
      urijs: 1.19.11
      wordwrap: 1.0.0
      yaml: 2.9.0

  quicktype-graphql-input@24.0.0:
    dependencies:
      collection-utils: 1.0.1
      graphql: 16.14.2
      quicktype-core: 24.0.0

  quicktype-typescript-input@24.0.0:
    dependencies:
      '@mark.probst/typescript-json-schema': 0.55.0
      quicktype-core: 24.0.0
      typescript: 4.9.5
    transitivePeerDependencies:
      - '@swc/core'
      - '@swc/wasm'

  quicktype@24.0.0:
    dependencies:
      '@glideapps/ts-necessities': 2.4.0
      chalk: 4.1.2
      collection-utils: 1.0.1
      command-line-args: 5.2.1
      command-line-usage: 7.0.4
      graphql: 16.14.2
      lodash: 4.18.1
      moment: 2.30.1
      quicktype-core: 24.0.0
      quicktype-graphql-input: 24.0.0
      quicktype-typescript-input: 24.0.0
      readable-stream: 4.7.0
      stream-json: 1.8.0
      string-to-stream: 3.0.1
      typescript: 5.8.3
    transitivePeerDependencies:
      - '@swc/core'
      - '@swc/wasm'

  readable-stream@3.6.2:
    dependencies:
      inherits: 2.0.4
      string_decoder: 1.3.0
      util-deprecate: 1.0.2

  readable-stream@4.5.2:
    dependencies:
      abort-controller: 3.0.0
      buffer: 6.0.3
      events: 3.3.0
      process: 0.11.10
      string_decoder: 1.3.0

  readable-stream@4.7.0:
    dependencies:
      abort-controller: 3.0.0
      buffer: 6.0.3
      events: 3.3.0
      process: 0.11.10
      string_decoder: 1.3.0

  require-directory@2.1.1: {}

  require-from-string@2.0.2: {}

  safe-buffer@5.2.1: {}

  safe-stable-stringify@2.5.0: {}

  stream-chain@2.2.5: {}

  stream-json@1.8.0:
    dependencies:
      stream-chain: 2.2.5

  string-to-stream@3.0.1:
    dependencies:
      readable-stream: 3.6.2

  string-width@4.2.3:
    dependencies:
      emoji-regex: 8.0.0
      is-fullwidth-code-point: 3.0.0
      strip-ansi: 6.0.1

  string_decoder@1.3.0:
    dependencies:
      safe-buffer: 5.2.1

  strip-ansi@6.0.1:
    dependencies:
      ansi-regex: 5.0.1

  supports-color@7.2.0:
    dependencies:
      has-flag: 4.0.0

  table-layout@4.1.1:
    dependencies:
      array-back: 6.2.3
      wordwrapjs: 5.1.1

  tiny-inflate@1.0.3: {}

  ts-node@10.9.2(@types/node@16.9.2)(typescript@4.9.4):
    dependencies:
      '@cspotcode/source-map-support': 0.8.1
      '@tsconfig/node10': 1.0.12
      '@tsconfig/node12': 1.0.11
      '@tsconfig/node14': 1.0.3
      '@tsconfig/node16': 1.0.4
      '@types/node': 16.9.2
      acorn: 8.17.0
      acorn-walk: 8.3.5
      arg: 4.1.3
      create-require: 1.1.1
      diff: 4.0.4
      make-error: 1.3.6
      typescript: 4.9.4
      v8-compile-cache-lib: 3.0.1
      yn: 3.1.1

  typescript@4.9.4: {}

  typescript@4.9.5: {}

  typescript@5.8.3: {}

  typescript@6.0.3: {}

  typical@4.0.0: {}

  typical@7.3.0: {}

  undici-types@7.18.2: {}

  unicode-properties@1.4.1:
    dependencies:
      base64-js: 1.5.1
      unicode-trie: 2.0.0

  unicode-trie@2.0.0:
    dependencies:
      pako: 0.2.5
      tiny-inflate: 1.0.3

  urijs@1.19.11: {}

  util-deprecate@1.0.2: {}

  v8-compile-cache-lib@3.0.1: {}

  wordwrap@1.0.0: {}

  wordwrapjs@5.1.1: {}

  wrap-ansi@7.0.0:
    dependencies:
      ansi-styles: 4.3.0
      string-width: 4.2.3
      strip-ansi: 6.0.1

  wrappy@1.0.2: {}

  y18n@5.0.8: {}

  yaml@2.9.0: {}

  yargs-parser@21.1.1: {}

  yargs@17.7.3:
    dependencies:
      cliui: 8.0.1
      escalade: 3.2.0
      get-caller-file: 2.0.5
      require-directory: 2.1.1
      string-width: 4.2.3
      y18n: 5.0.8
      yargs-parser: 21.1.1

  yn@3.1.1: {}
